<?xml version="1.0" encoding="utf-8"?>
<Project ToolsVersion="4.0" xmlns="http://schemas.microsoft.com/developer/msbuild/2003">
  <ItemGroup>
    <Filter Include="Source Files">
      <UniqueIdentifier>{4FC737F1-C7A5-4376-A066-2A32D752A2FF}</UniqueIdentifier>
      <Extensions>cpp;c;cc;cxx;def;odl;idl;hpj;bat;asm;asmx</Extensions>
    </Filter>
    <Filter Include="Header Files">
      <UniqueIdentifier>{93995380-89BD-4b04-88EB-625FBE52EBFB}</UniqueIdentifier>
      <Extensions>h;hpp;hxx;hm;inl;inc;xsd</Extensions>
    </Filter>
    <Filter Include="Resource Files">
      <UniqueIdentifier>{67DA6AB6-F800-4c08-8B7A-83BB121AAD01}</UniqueIdentifier>
      <Extensions>rc;ico;cur;bmp;dlg;rc2;rct;bin;rgs;gif;jpg;jpeg;jpe;resx;tiff;tif;png;wav;mfcribbon-ms</Extensions>
    </Filter>
    <Filter Include="Common">
      <UniqueIdentifier>{b6ab6d88-8abb-4652-a3f8-4e4d832a63c0}</UniqueIdentifier>
    </Filter>
    <Filter Include="FX">
      <UniqueIdentifier>{ef6a8d48-cbca-4c00-a337-4350c283e0ed}</UniqueIdentifier>
    </Filter>
    <Filter Include="New Header Files">
      <UniqueIdentifier>{01a36f66-5cbe-45cd-be63-41e1e25bed3e}</UniqueIdentifier>
    </Filter>
    <Filter Include="New Source Files">
      <UniqueIdentifier>{f941181b-efc5-4153-a013-13f248cd8b20}</UniqueIdentifier>
    </Filter>
    <Filter Include="OldRendering">
      <UniqueIdentifier>{9b3c5169-c648-4311-bb84-be1c17c183d4}</UniqueIdentifier>
    </Filter>
    <Filter Include="New Source Files\Manager">
      <UniqueIdentifier>{a4d601fa-034d-4030-9698-de45705c9b3c}</UniqueIdentifier>
    </Filter>
    <Filter Include="New Header Files\Manager">
      <UniqueIdentifier>{01532fb2-bd5d-4321-8572-0fc555e910aa}</UniqueIdentifier>
    </Filter>
    <Filter Include="New Header Files\EngineDialog">
      <UniqueIdentifier>{fd38960f-3349-4cae-8879-734d67d0554e}</UniqueIdentifier>
    </Filter>
    <Filter Include="New Source Files\EngineDialog">
      <UniqueIdentifier>{6f7e9c6a-8776-4df8-951c-1cbebac123c9}</UniqueIdentifier>
    </Filter>
    <Filter Include="New Header Files\Command">
      <UniqueIdentifier>{0d4a6299-9262-457e-a7ee-66e6b97f35d1}</UniqueIdentifier>
    </Filter>
    <Filter Include="New Source Files\Command">
      <UniqueIdentifier>{afef21b0-8cbc-4cae-ae8c-28b550f21411}</UniqueIdentifier>
    </Filter>
  </ItemGroup>
  <ItemGroup>
    <ClCompile Include="Effects.cpp">
      <Filter>Source Files</Filter>
    </ClCompile>
    <ClCompile Include="Common\Camera.cpp">
      <Filter>Common</Filter>
    </ClCompile>
    <ClCompile Include="Common\d3dApp.cpp">
      <Filter>Common</Filter>
    </ClCompile>
    <ClCompile Include="Common\d3dUtil.cpp">
      <Filter>Common</Filter>
    </ClCompile>
    <ClCompile Include="Common\GameTimer.cpp">
      <Filter>Common</Filter>
    </ClCompile>
    <ClCompile Include="Common\GeometryGenerator.cpp">
      <Filter>Common</Filter>
    </ClCompile>
    <ClCompile Include="Common\LightHelper.cpp">
      <Filter>Common</Filter>
    </ClCompile>
    <ClCompile Include="Common\MathHelper.cpp">
      <Filter>Common</Filter>
    </ClCompile>
    <ClCompile Include="Common\TextureMgr.cpp">
      <Filter>Common</Filter>
    </ClCompile>
    <ClCompile Include="Common\Waves.cpp">
      <Filter>Common</Filter>
    </ClCompile>
    <ClCompile Include="Common\xnacollision.cpp">
      <Filter>Common</Filter>
    </ClCompile>
    <ClCompile Include="Mesh.cpp">
      <Filter>New Source Files</Filter>
    </ClCompile>
    <ClCompile Include="Renderer.cpp">
      <Filter>New Source Files</Filter>
    </ClCompile>
    <ClCompile Include="GameObject.cpp">
      <Filter>New Source Files</Filter>
    </ClCompile>
    <ClCompile Include="Scene.cpp">
      <Filter>Source Files</Filter>
    </ClCompile>
    <ClCompile Include="BasicModel.cpp">
      <Filter>OldRendering</Filter>
    </ClCompile>
    <ClCompile Include="SkinnedModel.cpp">
      <Filter>OldRendering</Filter>
    </ClCompile>
    <ClCompile Include="SkinnedData.cpp">
      <Filter>OldRendering</Filter>
    </ClCompile>
    <ClCompile Include="Ssao.cpp">
      <Filter>OldRendering</Filter>
    </ClCompile>
    <ClCompile Include="Sky.cpp">
      <Filter>OldRendering</Filter>
    </ClCompile>
    <ClCompile Include="Vertex.cpp">
      <Filter>OldRendering</Filter>
    </ClCompile>
    <ClCompile Include="MeshGeometry.cpp">
      <Filter>OldRendering</Filter>
    </ClCompile>
    <ClCompile Include="LoadM3d.cpp">
      <Filter>OldRendering</Filter>
    </ClCompile>
    <ClCompile Include="ShadowMap.cpp">
      <Filter>OldRendering</Filter>
    </ClCompile>
    <ClCompile Include="RenderStates.cpp">
      <Filter>OldRendering</Filter>
    </ClCompile>
    <ClCompile Include="AssimpLoader.cpp">
      <Filter>New Source Files</Filter>
    </ClCompile>
    <ClCompile Include="Transform.cpp">
      <Filter>New Source Files</Filter>
    </ClCompile>
    <ClCompile Include="ComponentMgr.cpp">
      <Filter>New Source Files\Manager</Filter>
    </ClCompile>
    <ClCompile Include="EffectMgr.cpp">
      <Filter>New Source Files\Manager</Filter>
    </ClCompile>
    <ClCompile Include="MeshMgr.cpp">
      <Filter>New Source Files\Manager</Filter>
    </ClCompile>
    <ClCompile Include="ObjectMgr.cpp">
      <Filter>New Source Files\Manager</Filter>
    </ClCompile>
    <ClCompile Include="MsgProcedure.cpp">
      <Filter>New Source Files</Filter>
    </ClCompile>
    <ClCompile Include="DialogPractice.cpp">
      <Filter>New Source Files\EngineDialog</Filter>
    </ClCompile>
    <ClCompile Include="HierarchyDialog.cpp">
      <Filter>New Source Files\EngineDialog</Filter>
    </ClCompile>
    <ClCompile Include="MeshRendererDialog.cpp">
      <Filter>New Source Files\EngineDialog</Filter>
    </ClCompile>
    <ClCompile Include="Inspector.cpp">
      <Filter>New Source Files\EngineDialog</Filter>
    </ClCompile>
    <ClCompile Include="ComponentDialog.cpp">
      <Filter>New Source Files\EngineDialog</Filter>
    </ClCompile>
    <ClCompile Include="TransformDialog.cpp">
      <Filter>New Source Files\EngineDialog</Filter>
    </ClCompile>
    <ClCompile Include="InputLayoutManager.cpp">
      <Filter>New Source Files\Manager</Filter>
    </ClCompile>
    <ClCompile Include="MainWindowDialog.cpp">
      <Filter>New Source Files\EngineDialog</Filter>
    </ClCompile>
    <ClCompile Include="DataManager.cpp">
      <Filter>Source Files</Filter>
    </ClCompile>
    <ClCompile Include="MyCommand.cpp">
      <Filter>New Source Files\Command</Filter>
    </ClCompile>
    <ClCompile Include="MeshRendererCommand.cpp">
      <Filter>New Source Files\Command</Filter>
    </ClCompile>
  </ItemGroup>
  <ItemGroup>
    <ClInclude Include="Effects.h">
      <Filter>Header Files</Filter>
    </ClInclude>
    <ClInclude Include="RenderStates.h">
      <Filter>Header Files</Filter>
    </ClInclude>
    <ClInclude Include="ShadowMap.h">
      <Filter>Header Files</Filter>
    </ClInclude>
    <ClInclude Include="Sky.h">
      <Filter>Header Files</Filter>
    </ClInclude>
    <ClInclude Include="Ssao.h">
      <Filter>Header Files</Filter>
    </ClInclude>
    <ClInclude Include="Vertex.h">
      <Filter>Header Files</Filter>
    </ClInclude>
    <ClInclude Include="MeshGeometry.h">
      <Filter>Header Files</Filter>
    </ClInclude>
    <ClInclude Include="SkinnedData.h">
      <Filter>Header Files</Filter>
    </ClInclude>
    <ClInclude Include="LoadM3d.h">
      <Filter>Header Files</Filter>
    </ClInclude>
    <ClInclude Include="SkinnedModel.h">
      <Filter>Header Files</Filter>
    </ClInclude>
    <ClInclude Include="BasicModel.h">
      <Filter>Header Files</Filter>
    </ClInclude>
    <ClInclude Include="Common\Camera.h">
      <Filter>Common</Filter>
    </ClInclude>
    <ClInclude Include="Common\d3dApp.h">
      <Filter>Common</Filter>
    </ClInclude>
    <ClInclude Include="Common\d3dUtil.h">
      <Filter>Common</Filter>
    </ClInclude>
    <ClInclude Include="Common\d3dx11effect.h">
      <Filter>Common</Filter>
    </ClInclude>
    <ClInclude Include="Common\d3dxGlobal.h">
      <Filter>Common</Filter>
    </ClInclude>
    <ClInclude Include="Common\GameTimer.h">
      <Filter>Common</Filter>
    </ClInclude>
    <ClInclude Include="Common\GeometryGenerator.h">
      <Filter>Common</Filter>
    </ClInclude>
    <ClInclude Include="Common\LightHelper.h">
      <Filter>Common</Filter>
    </ClInclude>
    <ClInclude Include="Common\MathHelper.h">
      <Filter>Common</Filter>
    </ClInclude>
    <ClInclude Include="Common\TextureMgr.h">
      <Filter>Common</Filter>
    </ClInclude>
    <ClInclude Include="Common\Waves.h">
      <Filter>Common</Filter>
    </ClInclude>
    <ClInclude Include="Common\xnacollision.h">
      <Filter>Common</Filter>
    </ClInclude>
    <ClInclude Include="Mesh.h">
      <Filter>New Header Files</Filter>
    </ClInclude>
    <ClInclude Include="Material.h">
      <Filter>New Header Files</Filter>
    </ClInclude>
    <ClInclude Include="Interface.h">
      <Filter>New Header Files</Filter>
    </ClInclude>
    <ClInclude Include="Renderer.h">
      <Filter>New Header Files</Filter>
    </ClInclude>
    <ClInclude Include="BufferResource.h">
      <Filter>New Header Files</Filter>
    </ClInclude>
    <ClInclude Include="Constant.h">
      <Filter>New Header Files</Filter>
    </ClInclude>
    <ClInclude Include="GameObject.h">
      <Filter>New Header Files</Filter>
    </ClInclude>
    <ClInclude Include="AssimpLoader.h">
      <Filter>New Header Files</Filter>
    </ClInclude>
    <ClInclude Include="Transform.h">
      <Filter>New Header Files</Filter>
    </ClInclude>
    <ClInclude Include="Bones.h">
      <Filter>Header Files</Filter>
    </ClInclude>
    <ClInclude Include="resource.h">
      <Filter>Header Files</Filter>
    </ClInclude>
    <ClInclude Include="ComponentMgr.h">
      <Filter>New Header Files\Manager</Filter>
    </ClInclude>
    <ClInclude Include="ObjectMgr.h">
      <Filter>New Header Files\Manager</Filter>
    </ClInclude>
    <ClInclude Include="MeshMgr.h">
      <Filter>New Header Files\Manager</Filter>
    </ClInclude>
    <ClInclude Include="EffectMgr.h">
      <Filter>New Header Files\Manager</Filter>
    </ClInclude>
    <ClInclude Include="HierarchyDialog.h">
      <Filter>New Header Files\EngineDialog</Filter>
    </ClInclude>
    <ClInclude Include="DialogPractice.h">
      <Filter>New Header Files\EngineDialog</Filter>
    </ClInclude>
    <ClInclude Include="DialogStructureEX.h">
      <Filter>New Header Files\EngineDialog</Filter>
    </ClInclude>
    <ClInclude Include="DialogSizeDefine.h">
      <Filter>New Header Files\EngineDialog</Filter>
    </ClInclude>
    <ClInclude Include="MeshRendererDialog.h">
      <Filter>New Header Files\EngineDialog</Filter>
    </ClInclude>
    <ClInclude Include="MsgProcedure.h">
      <Filter>New Header Files\EngineDialog</Filter>
    </ClInclude>
    <ClInclude Include="Inspector.h">
      <Filter>New Header Files\EngineDialog</Filter>
    </ClInclude>
    <ClInclude Include="ComponentDialog.h">
      <Filter>New Header Files\EngineDialog</Filter>
    </ClInclude>
    <ClInclude Include="TransformDialog.h">
      <Filter>New Header Files\EngineDialog</Filter>
    </ClInclude>
    <ClInclude Include="MeshRendererCommand.h">
      <Filter>New Header Files\Command</Filter>
    </ClInclude>
    <ClInclude Include="MyCommand.h">
      <Filter>New Header Files\Command</Filter>
    </ClInclude>
    <ClInclude Include="DataManager.h">
      <Filter>New Header Files\Manager</Filter>
    </ClInclude>
    <ClInclude Include="InputLayoutManager.h">
      <Filter>New Header Files\Manager</Filter>
    </ClInclude>
    <ClInclude Include="MainWindowDialog.h">
      <Filter>New Header Files\EngineDialog</Filter>
    </ClInclude>
  </ItemGroup>
  <ItemGroup>
    <None Include="FX\LightHelper.fx">
      <Filter>FX</Filter>
    </None>
    <None Include="..\..\..\desktop\ribbon1.mfcribbon-ms">
      <Filter>Resource Files</Filter>
    </None>
  </ItemGroup>
  <ItemGroup>
    <CustomBuild Include="FX\Basic.fx">
      <Filter>FX</Filter>
    </CustomBuild>
    <CustomBuild Include="FX\BuildShadowMap.fx">
      <Filter>FX</Filter>
    </CustomBuild>
    <CustomBuild Include="FX\DebugTexture.fx">
      <Filter>FX</Filter>
    </CustomBuild>
    <CustomBuild Include="FX\NormalMap.fx">
      <Filter>FX</Filter>
    </CustomBuild>
    <CustomBuild Include="FX\Sky.fx">
      <Filter>FX</Filter>
    </CustomBuild>
    <CustomBuild Include="FX\Ssao.fx">
      <Filter>FX</Filter>
    </CustomBuild>
    <CustomBuild Include="FX\SsaoBlur.fx">
      <Filter>FX</Filter>
    </CustomBuild>
    <CustomBuild Include="FX\SsaoNormalDepth.fx">
      <Filter>FX</Filter>
    </CustomBuild>
  </ItemGroup>
  <ItemGroup>
    <Library Include="Common\Effects11.lib">
      <Filter>Common</Filter>
    </Library>
    <Library Include="Common\Effects11d.lib">
      <Filter>Common</Filter>
    </Library>
    <Library Include="Common\assimp.lib">
      <Filter>Common</Filter>
    </Library>
  </ItemGroup>
  <ItemGroup>
    <ResourceCompile Include="Portfolio_Test1.rc">
      <Filter>Resource Files</Filter>
    </ResourceCompile>
  </ItemGroup>
  <ItemGroup>
    <Image Include="bitmap1.bmp">
      <Filter>Resource Files</Filter>
    </Image>
    <Image Include="bitmap2.bmp">
      <Filter>Resource Files</Filter>
    </Image>
    <Image Include="..\..\..\Desktop\box.PNG">
      <Filter>Resource Files</Filter>
    </Image>
    <Image Include="..\..\..\Desktop\box.bmp">
      <Filter>Resource Files</Filter>
    </Image>
    <Image Include="..\..\..\desktop\bitmap4.bmp">
      <Filter>Resource Files</Filter>
    </Image>
    <Image Include="..\..\..\desktop\bitmap1.bmp">
      <Filter>Resource Files</Filter>
    </Image>
    <Image Include="..\..\..\desktop\bitmap2.bmp">
      <Filter>Resource Files</Filter>
    </Image>
    <Image Include="..\..\..\Desktop\box16.bmp">
      <Filter>Resource Files</Filter>
    </Image>
  </ItemGroup>
</Project>